
Microsoft Visual Studio Solution File, Format Version 12.00
# Visual Studio Version 17
VisualStudioVersion = 17.2.32630.192
MinimumVisualStudioVersion = 10.0.40219.1
Project("{FAE04EC0-301F-11D3-BF4B-00C04F79EFBC}") = "Homework1_3_3", "Homework1_3_3\Homework1_3_3.csproj", "{F1783DBA-7784-4E3B-945D-18B65C73A5DC}"
EndProject
Global
	GlobalSection(SolutionConfigurationPlatforms) = preSolution
		Debug|Any CPU = Debug|Any CPU
		Release|Any CPU = Release|Any CPU
	EndGlobalSection
	GlobalSection(ProjectConfigurationPlatforms) = postSolution
		{F1783DBA-7784-4E3B-945D-18B65C73A5DC}.Debug|Any CPU.ActiveCfg = Debug|Any CPU
		{F1783DBA-7784-4E3B-945D-18B65C73A5DC}.Debug|Any CPU.Build.0 = Debug|Any CPU
		{F1783DBA-7784-4E3B-945D-18B65C73A5DC}.Release|Any CPU.ActiveCfg = Release|Any CPU
		{F1783DBA-7784-4E3B-945D-18B65C73A5DC}.Release|Any CPU.Build.0 = Release|Any CPU
	EndGlobalSection
	GlobalSection(SolutionProperties) = preSolution
		HideSolutionNode = FALSE
	EndGlobalSection
	GlobalSection(ExtensibilityGlobals) = postSolution
		SolutionGuid = {1E325726-3F93-4833-BD42-AC4589B4598B}
	EndGlobalSection
EndGlobal
